{
  "nodes": {
    "linux-omen-module": {
      "flake": false,
      "locked": {
        "lastModified": 1789571101,
        "narHash": "sha256-DX6R05f6UhjOsaF2BgOhY3gr9uJRjAhfXbOB99rcgHI=",
        "owner": "Sharwesh05",
        "repo": "linux-omen-module",
        "rev": "74471ebdeec1a1292d6688ef2abefe2896971485",
        "type": "github"
      },
      "original": {
        "owner": "Sharwesh05",
        "repo": "linux-omen-module",
        "rev": "74471ebdeec1a1292d6688ef2abefe2896971485",
        "type": "github"
      }
    },
    "nixpkgs": {
      "locked": {
        "lastModified": 1789286504,
        "narHash": "sha256-eiEK7cKZORNEvX0GeF3RtNEF/JXhgf2RqSp3230q13E=",
        "owner": "NixOS",
        "repo": "nixpkgs",
        "rev": "ef34387ddd751e1ab8857adf4676492d32eb24ec",
        "type": "github"
      },
      "original": {
        "owner": "NixOS",
        "ref": "nixos-unstable",
        "repo": "nixpkgs",
        "type": "github"
      }
    },
    "root": {
      "inputs": {
        "linux-omen-module": "linux-omen-module",
        "nixpkgs": "nixpkgs"
      }
    }
  },
  "root": "root",
  "version": 7
}
