{
  "nodes": {
    "linux-omen-module": {
      "flake": false,
      "locked": {
        "lastModified": 1789713131,
        "narHash": "sha256-s3o8PJuq56aQ9jaINo1i4c2BOmtUUBOV7I0YwSGoCB8=",
        "owner": "Sharwesh05",
        "repo": "linux-omen-module",
        "rev": "a6d5de8ce5b6ada973b8527eed5041f779b7b306",
        "type": "github"
      },
      "original": {
        "owner": "Sharwesh05",
        "repo": "linux-omen-module",
        "rev": "a6d5de8ce5b6ada973b8527eed5041f779b7b306",
        "type": "github"
      }
    },
    "nixpkgs": {
      "locked": {
        "lastModified": 1789286504,
        "narHash": "sha256-eiEK7cKZORNEvX0GeF3RtNEF/JXhgf2RqSp3230q13E=",
        "owner": "NixOS",
        "repo": "nixpkgs",
        "rev": "ef34387ddd751e1ab8857adf4676492d32eb24ec",
        "type": "github"
      },
      "original": {
        "owner": "NixOS",
        "ref": "nixos-unstable",
        "repo": "nixpkgs",
        "type": "github"
      }
    },
    "root": {
      "inputs": {
        "linux-omen-module": "linux-omen-module",
        "nixpkgs": "nixpkgs"
      }
    }
  },
  "root": "root",
  "version": 7
}
